
Microsoft Visual Studio Solution File, Format Version 12.00
# Visual Studio Version 17
VisualStudioVersion = 17.7.34202.233
MinimumVisualStudioVersion = 10.0.40219.1
Project("{FAE04EC0-301F-11D3-BF4B-00C04F79EFBC}") = "HotelBooking", "HotelBooking\HotelBooking.csproj", "{F0760834-6F6F-45ED-9B83-DDDFFEB55F14}"
EndProject
Global
	GlobalSection(SolutionConfigurationPlatforms) = preSolution
		Debug|Any CPU = Debug|Any CPU
		Release|Any CPU = Release|Any CPU
	EndGlobalSection
	GlobalSection(ProjectConfigurationPlatforms) = postSolution
		{F0760834-6F6F-45ED-9B83-DDDFFEB55F14}.Debug|Any CPU.ActiveCfg = Debug|Any CPU
		{F0760834-6F6F-45ED-9B83-DDDFFEB55F14}.Debug|Any CPU.Build.0 = Debug|Any CPU
		{F0760834-6F6F-45ED-9B83-DDDFFEB55F14}.Release|Any CPU.ActiveCfg = Release|Any CPU
		{F0760834-6F6F-45ED-9B83-DDDFFEB55F14}.Release|Any CPU.Build.0 = Release|Any CPU
	EndGlobalSection
	GlobalSection(SolutionProperties) = preSolution
		HideSolutionNode = FALSE
	EndGlobalSection
	GlobalSection(ExtensibilityGlobals) = postSolution
		SolutionGuid = {E4A228CF-C604-4AEC-8AFC-B6F217EA5F56}
	EndGlobalSection
EndGlobal
